// !$*UTF8*$!
{
	archiveVersion = 1;
	classes = {
	};
	objectVersion = 46;
	objects = {

/* Begin PBXBuildFile section */
		F0149FB61E804AD3003CBA1E /* AppDelegate.swift in Sources */ = {isa = PBXBuildFile; fileRef = F0149FB51E804AD3003CBA1E /* AppDelegate.swift */; };
		F0149FB81E804AD3003CBA1E /* ViewController.swift in Sources */ = {isa = PBXBuildFile; fileRef = F0149FB71E804AD3003CBA1E /* ViewController.swift */; };
		F0149FBB1E804AD3003CBA1E /* Main.storyboard in Resources */ = {isa = PBXBuildFile; fileRef = F0149FB91E804AD3003CBA1E /* Main.storyboard */; };
		F0149FBD1E804AD3003CBA1E /* Assets.xcassets in Resources */ = {isa = PBXBuildFile; fileRef = F0149FBC1E804AD3003CBA1E /* Assets.xcassets */; };
		F0149FC01E804AD3003CBA1E /* LaunchScreen.storyboard in Resources */ = {isa = PBXBuildFile; fileRef = F0149FBE1E804AD3003CBA1E /* LaunchScreen.storyboard */; };
/* End PBXBuildFile section */

/* Begin PBXFileReference section */
		F0149FB21E804AD3003CBA1E /* Episodes.app */ = {isa = PBXFileReference; explicitFileType = wrapper.application; includeInIndex = 0; path = Episodes.app; sourceTree = BUILT_PRODUCTS_DIR; };
		F0149FB51E804AD3003CBA1E /* AppDelegate.swift */ = {isa = PBXFileReference; lastKnownFileType = sourcecode.swift; path = AppDelegate.swift; sourceTree = "<group>"; };
		F0149FB71E804AD3003CBA1E /* ViewController.swift */ = {isa = PBXFileReference; lastKnownFileType = sourcecode.swift; path = ViewController.swift; sourceTree = "<group>"; };
		F0149FBA1E804AD3003CBA1E /* Base */ = {isa = PBXFileReference; lastKnownFileType = file.storyboard; name = Base; path = Base.lproj/Main.storyboard; sourceTree = "<group>"; };
		F0149FBC1E804AD3003CBA1E /* Assets.xcassets */ = {isa = PBXFileReference; lastKnownFileType = folder.assetcatalog; path = Assets.xcassets; sourceTree = "<group>"; };
		F0149FBF1E804AD3003CBA1E /* Base */ = {isa = PBXFileReference; lastKnownFileType = file.storyboard; name = Base; path = Base.lproj/LaunchScreen.storyboard; sourceTree = "<group>"; };
		F0149FC11E804AD3003CBA1E /* Info.plist */ = {isa = PBXFileReference; lastKnownFileType = text.plist.xml; path = Info.plist; sourceTree = "<group>"; };
/* End PBXFileReference section */

/* Begin PBXFrameworksBuildPhase section */
		F0149FAF1E804AD3003CBA1E /* Frameworks */ = {
			isa = PBXFrameworksBuildPhase;
			buildActionMask = 2147483647;
			files = (
			);
			runOnlyForDeploymentPostprocessing = 0;
		};
/* End PBXFrameworksBuildPhase section */

/* Begin PBXGroup section */
		F0149FA91E804AD3003CBA1E = {
			isa = PBXGroup;
			children = (
				F0149FB41E804AD3003CBA1E /* Episodes */,
				F0149FB31E804AD3003CBA1E /* Products */,
			);
			sourceTree = "<group>";
		};
		F0149FB31E804AD3003CBA1E /* Products */ = {
			isa = PBXGroup;
			children = (
				F0149FB21E804AD3003CBA1E /* Episodes.app */,
			);
			name = Products;
			sourceTree = "<group>";
		};
		F0149FB41E804AD3003CBA1E /* Episodes */ = {
			isa = PBXGroup;
			children = (
				F0149FB51E804AD3003CBA1E /* AppDelegate.swift */,
				F0149FB71E804AD3003CBA1E /* ViewController.swift */,
				F0149FB91E804AD3003CBA1E /* Main.storyboard */,
				F0149FBC1E804AD3003CBA1E /* Assets.xcassets */,
				F0149FBE1E804AD3003CBA1E /* LaunchScreen.storyboard */,
				F0149FC11E804AD3003CBA1E /* Info.plist */,
			);
			path = Episodes;
			sourceTree = "<group>";
		};
/* End PBXGroup section */

/* Begin PBXNativeTarget section */
		F0149FB11E804AD3003CBA1E /* Episodes */ = {
			isa = PBXNativeTarget;
			buildConfigurationList = F0149FC41E804AD3003CBA1E /* Build configuration list for PBXNativeTarget "Episodes" */;
			buildPhases = (
				F0149FAE1E804AD3003CBA1E /* Sources */,
				F0149FAF1E804AD3003CBA1E /* Frameworks */,
				F0149FB01E804AD3003CBA1E /* Resources */,
			);
			buildRules = (
			);
			dependencies = (
			);
			name = Episodes;
			productName = Episodes;
			productReference = F0149FB21E804AD3003CBA1E /* Episodes.app */;
			productType = "com.apple.product-type.application";
		};
/* End PBXNativeTarget section */

/* Begin PBXProject section */
		F0149FAA1E804AD3003CBA1E /* Project object */ = {
			isa = PBXProject;
			attributes = {
				LastSwiftUpdateCheck = 0820;
				LastUpgradeCheck = 0820;
				ORGANIZATIONNAME = "TJ Carney";
				TargetAttributes = {
					F0149FB11E804AD3003CBA1E = {
						CreatedOnToolsVersion = 8.2.1;
						ProvisioningStyle = Automatic;
					};
				};
			};
			buildConfigurationList = F0149FAD1E804AD3003CBA1E /* Build configuration list for PBXProject "Episodes" */;
			compatibilityVersion = "Xcode 3.2";
			developmentRegion = English;
			hasScannedForEncodings = 0;
			knownRegions = (
				en,
				Base,
			);
			mainGroup = F0149FA91E804AD3003CBA1E;
			productRefGroup = F0149FB31E804AD3003CBA1E /* Products */;
			projectDirPath = "";
			projectRoot = "";
			targets = (
				F0149FB11E804AD3003CBA1E /* Episodes */,
			);
		};
/* End PBXProject section */

/* Begin PBXResourcesBuildPhase section */
		F0149FB01E804AD3003CBA1E /* Resources */ = {
			isa = PBXResourcesBuildPhase;
			buildActionMask = 2147483647;
			files = (
				F0149FC01E804AD3003CBA1E /* LaunchScreen.storyboard in Resources */,
				F0149FBD1E804AD3003CBA1E /* Assets.xcassets in Resources */,
				F0149FBB1E804AD3003CBA1E /* Main.storyboard in Resources */,
			);
			runOnlyForDeploymentPostprocessing = 0;
		};
/* End PBXResourcesBuildPhase section */

/* Begin PBXSourcesBuildPhase section */
		F0149FAE1E804AD3003CBA1E /* Sources */ = {
			isa = PBXSourcesBuildPhase;
			buildActionMask = 2147483647;
			files = (
				F0149FB81E804AD3003CBA1E /* ViewController.swift in Sources */,
				F0149FB61E804AD3003CBA1E /* AppDelegate.swift in Sources */,
			);
			runOnlyForDeploymentPostprocessing = 0;
		};
/* End PBXSourcesBuildPhase section */

/* Begin PBXVariantGroup section */
		F0149FB91E804AD3003CBA1E /* Main.storyboard */ = {
			isa = PBXVariantGroup;
			children = (
				F0149FBA1E804AD3003CBA1E /* Base */,
			);
			name = Main.storyboard;
			sourceTree = "<group>";
		};
		F0149FBE1E804AD3003CBA1E /* LaunchScreen.storyboard */ = {
			isa = PBXVariantGroup;
			children = (
				F0149FBF1E804AD3003CBA1E /* Base */,
			);
			name = LaunchScreen.storyboard;
			sourceTree = "<group>";
		};
/* End PBXVariantGroup section */

/* Begin XCBuildConfiguration section */
		F0149FC21E804AD3003CBA1E /* Debug */ = {
			isa = XCBuildConfiguration;
			buildSettings = {
				ALWAYS_SEARCH_USER_PATHS = NO;
				CLANG_ANALYZER_NONNULL = YES;
				CLANG_CXX_LANGUAGE_STANDARD = "gnu++0x";
				CLANG_CXX_LIBRARY = "libc++";
				CLANG_ENABLE_MODULES = YES;
				CLANG_ENABLE_OBJC_ARC = YES;
				CLANG_WARN_BOOL_CONVERSION = YES;
				CLANG_WARN_CONSTANT_CONVERSION = YES;
				CLANG_WARN_DIRECT_OBJC_ISA_USAGE = YES_ERROR;
				CLANG_WARN_DOCUMENTATION_COMMENTS = YES;
				CLANG_WARN_EMPTY_BODY = YES;
				CLANG_WARN_ENUM_CONVERSION = YES;
				CLANG_WARN_INFINITE_RECURSION = YES;
				CLANG_WARN_INT_CONVERSION = YES;
				CLANG_WARN_OBJC_ROOT_CLASS = YES_ERROR;
				CLANG_WARN_SUSPICIOUS_MOVE = YES;
				CLANG_WARN_UNREACHABLE_CODE = YES;
				CLANG_WARN__DUPLICATE_METHOD_MATCH = YES;
				"CODE_SIGN_IDENTITY[sdk=iphoneos*]" = "iPhone Developer";
				COPY_PHASE_STRIP = NO;
				DEBUG_INFORMATION_FORMAT = dwarf;
				ENABLE_STRICT_OBJC_MSGSEND = YES;
				ENABLE_TESTABILITY = YES;
				GCC_C_LANGUAGE_STANDARD = gnu99;
				GCC_DYNAMIC_NO_PIC = NO;
				GCC_NO_COMMON_BLOCKS = YES;
				GCC_OPTIMIZATION_LEVEL = 0;
				GCC_PREPROCESSOR_DEFINITIONS = (
					"DEBUG=1",
					"$(inherited)",
				);
				GCC_WARN_64_TO_32_BIT_CONVERSION = YES;
				GCC_WARN_ABOUT_RETURN_TYPE = YES_ERROR;
				GCC_WARN_UNDECLARED_SELECTOR = YES;
				GCC_WARN_UNINITIALIZED_AUTOS = YES_AGGRESSIVE;
				GCC_WARN_UNUSED_FUNCTION = YES;
				GCC_WARN_UNUSED_VARIABLE = YES;
				IPHONEOS_DEPLOYMENT_TARGET = 10.2;
				MTL_ENABLE_DEBUG_INFO = YES;
				ONLY_ACTIVE_ARCH = YES;
				SDKROOT = iphoneos;
				SWIFT_ACTIVE_COMPILATION_CONDITIONS = DEBUG;
				SWIFT_OPTIMIZATION_LEVEL = "-Onone";
				TARGETED_DEVICE_FAMILY = "1,2";
			};
			name = Debug;
		};
		F0149FC31E804AD3003CBA1E /* Release */ = {
			isa = XCBuildConfiguration;
			buildSettings = {
				ALWAYS_SEARCH_USER_PATHS = NO;
				CLANG_ANALYZER_NONNULL = YES;
				CLANG_CXX_LANGUAGE_STANDARD = "gnu++0x";
				CLANG_CXX_LIBRARY = "libc++";
				CLANG_ENABLE_MODULES = YES;
				CLANG_ENABLE_OBJC_ARC = YES;
				CLANG_WARN_BOOL_CONVERSION = YES;
				CLANG_WARN_CONSTANT_CONVERSION = YES;
				CLANG_WARN_DIRECT_OBJC_ISA_USAGE = YES_ERROR;
				CLANG_WARN_DOCUMENTATION_COMMENTS = YES;
				CLANG_WARN_EMPTY_BODY = YES;
				CLANG_WARN_ENUM_CONVERSION = YES;
				CLANG_WARN_INFINITE_RECURSION = YES;
				CLANG_WARN_INT_CONVERSION = YES;
				CLANG_WARN_OBJC_ROOT_CLASS = YES_ERROR;
				CLANG_WARN_SUSPICIOUS_MOVE = YES;
				CLANG_WARN_UNREACHABLE_CODE = YES;
				CLANG_WARN__DUPLICATE_METHOD_MATCH = YES;
				"CODE_SIGN_IDENTITY[sdk=iphoneos*]" = "iPhone Developer";
				COPY_PHASE_STRIP = NO;
				DEBUG_INFORMATION_FORMAT = "dwarf-with-dsym";
				ENABLE_NS_ASSERTIONS = NO;
				ENABLE_STRICT_OBJC_MSGSEND = YES;
				GCC_C_LANGUAGE_STANDARD = gnu99;
				GCC_NO_COMMON_BLOCKS = YES;
				GCC_WARN_64_TO_32_BIT_CONVERSION = YES;
				GCC_WARN_ABOUT_RETURN_TYPE = YES_ERROR;
				GCC_WARN_UNDECLARED_SELECTOR = YES;
				GCC_WARN_UNINITIALIZED_AUTOS = YES_AGGRESSIVE;
				GCC_WARN_UNUSED_FUNCTION = YES;
				GCC_WARN_UNUSED_VARIABLE = YES;
				IPHONEOS_DEPLOYMENT_TARGET = 10.2;
				MTL_ENABLE_DEBUG_INFO = NO;
				SDKROOT = iphoneos;
				SWIFT_OPTIMIZATION_LEVEL = "-Owholemodule";
				TARGETED_DEVICE_FAMILY = "1,2";
				VALIDATE_PRODUCT = YES;
			};
			name = Release;
		};
		F0149FC51E804AD3003CBA1E /* Debug */ = {
			isa = XCBuildConfiguration;
			buildSettings = {
				ASSETCATALOG_COMPILER_APPICON_NAME = AppIcon;
				INFOPLIST_FILE = Episodes/Info.plist;
				LD_RUNPATH_SEARCH_PATHS = "$(inherited) @executable_path/Frameworks";
				PRODUCT_BUNDLE_IDENTIFIER = TJ.Episodes;
				PRODUCT_NAME = "$(TARGET_NAME)";
				SWIFT_VERSION = 3.0;
			};
			name = Debug;
		};
		F0149FC61E804AD3003CBA1E /* Release */ = {
			isa = XCBuildConfiguration;
			buildSettings = {
				ASSETCATALOG_COMPILER_APPICON_NAME = AppIcon;
				INFOPLIST_FILE = Episodes/Info.plist;
				LD_RUNPATH_SEARCH_PATHS = "$(inherited) @executable_path/Frameworks";
				PRODUCT_BUNDLE_IDENTIFIER = TJ.Episodes;
				PRODUCT_NAME = "$(TARGET_NAME)";
				SWIFT_VERSION = 3.0;
			};
			name = Release;
		};
/* End XCBuildConfiguration section */

/* Begin XCConfigurationList section */
		F0149FAD1E804AD3003CBA1E /* Build configuration list for PBXProject "Episodes" */ = {
			isa = XCConfigurationList;
			buildConfigurations = (
				F0149FC21E804AD3003CBA1E /* Debug */,
				F0149FC31E804AD3003CBA1E /* Release */,
			);
			defaultConfigurationIsVisible = 0;
			defaultConfigurationName = Release;
		};
		F0149FC41E804AD3003CBA1E /* Build configuration list for PBXNativeTarget "Episodes" */ = {
			isa = XCConfigurationList;
			buildConfigurations = (
				F0149FC51E804AD3003CBA1E /* Debug */,
				F0149FC61E804AD3003CBA1E /* Release */,
			);
			defaultConfigurationIsVisible = 0;
		};
/* End XCConfigurationList section */
	};
	rootObject = F0149FAA1E804AD3003CBA1E /* Project object */;
}
